Microsoft Visual Studio Solution File, Format Version 12.00
# Visual Studio Version 17
VisualStudioVersion = 17.5.2.0
MinimumVisualStudioVersion = 10.0.40219.1
Project("{FAE04EC0-301F-11D3-BF4B-00C04F79EFBC}") = "no_safe_zone", "Code\no_safe_zone.csproj", "{B25CD198-4674-332D-1E0B-FDE93C72003A}"
EndProject
Global
	GlobalSection(SolutionConfigurationPlatforms) = preSolution
		Debug|Any CPU = Debug|Any CPU
		Release|Any CPU = Release|Any CPU
	EndGlobalSection
	GlobalSection(ProjectConfigurationPlatforms) = postSolution
		{B25CD198-4674-332D-1E0B-FDE93C72003A}.Debug|Any CPU.ActiveCfg = Debug|Any CPU
		{B25CD198-4674-332D-1E0B-FDE93C72003A}.Debug|Any CPU.Build.0 = Debug|Any CPU
		{B25CD198-4674-332D-1E0B-FDE93C72003A}.Release|Any CPU.ActiveCfg = Release|Any CPU
		{B25CD198-4674-332D-1E0B-FDE93C72003A}.Release|Any CPU.Build.0 = Release|Any CPU
	EndGlobalSection
	GlobalSection(SolutionProperties) = preSolution
		HideSolutionNode = FALSE
	EndGlobalSection
	GlobalSection(ExtensibilityGlobals) = postSolution
		SolutionGuid = {24D2CEB5-74EB-4C9F-8FD1-955E7879F38D}
	EndGlobalSection
EndGlobal
